
Microsoft Visual Studio Solution File, Format Version 12.00
# Visual Studio Version 17
VisualStudioVersion = 17.6.33829.357
MinimumVisualStudioVersion = 10.0.40219.1
Project("{FAE04EC0-301F-11D3-BF4B-00C04F79EFBC}") = "ProductMVCCRUD", "ProductMVCCRUD\ProductMVCCRUD.csproj", "{DA1A1A0E-1E53-4011-BC39-4143896998C7}"
EndProject
Global
	GlobalSection(SolutionConfigurationPlatforms) = preSolution
		Debug|Any CPU = Debug|Any CPU
		Release|Any CPU = Release|Any CPU
	EndGlobalSection
	GlobalSection(ProjectConfigurationPlatforms) = postSolution
		{DA1A1A0E-1E53-4011-BC39-4143896998C7}.Debug|Any CPU.ActiveCfg = Debug|Any CPU
		{DA1A1A0E-1E53-4011-BC39-4143896998C7}.Debug|Any CPU.Build.0 = Debug|Any CPU
		{DA1A1A0E-1E53-4011-BC39-4143896998C7}.Release|Any CPU.ActiveCfg = Release|Any CPU
		{DA1A1A0E-1E53-4011-BC39-4143896998C7}.Release|Any CPU.Build.0 = Release|Any CPU
	EndGlobalSection
	GlobalSection(SolutionProperties) = preSolution
		HideSolutionNode = FALSE
	EndGlobalSection
	GlobalSection(ExtensibilityGlobals) = postSolution
		SolutionGuid = {B6661751-BA93-42A8-BDB5-3CAB0E2C5D30}
	EndGlobalSection
EndGlobal
